
Microsoft Visual Studio Solution File, Format Version 12.00
# Visual Studio Version 17
VisualStudioVersion = 17.7.34003.232
MinimumVisualStudioVersion = 10.0.40219.1
Project("{9A19103F-16F7-4668-BE54-9A1E7A4F7556}") = "LKN.Microservices", "src\LKN.Microservices\LKN.Microservices.csproj", "{00A2F7A3-BEC3-48F4-A91C-5A336C32A5D2}"
EndProject
Project("{2150E333-8FDC-42A3-9474-1A3956D46DE8}") = "src", "src", "{E8067AED-2B6E-4134-AAF8-9101457D709A}"
EndProject
Project("{2150E333-8FDC-42A3-9474-1A3956D46DE8}") = "moduls", "moduls", "{A303F5F7-818E-4A51-8AEE-37B713AF6E7D}"
EndProject
Project("{2150E333-8FDC-42A3-9474-1A3956D46DE8}") = "LKN.Order", "LKN.Order", "{C2DE7366-EC78-48B3-B3C8-D08B0EB5F2DC}"
EndProject
Project("{2150E333-8FDC-42A3-9474-1A3956D46DE8}") = "LKN.Payment", "LKN.Payment", "{7911310A-BA2C-413C-BC88-30BBA3F7A1CE}"
EndProject
Project("{2150E333-8FDC-42A3-9474-1A3956D46DE8}") = "LKN.Product", "LKN.Product", "{01D2EC50-FFA7-4518-B01D-6D945BE86011}"
EndProject
Project("{2150E333-8FDC-42A3-9474-1A3956D46DE8}") = "LKN.User", "LKN.User", "{C8C9E02C-DA94-45AE-9781-9A0133764375}"
EndProject
Project("{9A19103F-16F7-4668-BE54-9A1E7A4F7556}") = "LKN.Order.Application", "moduls\LKN.Order\src\LKN.Order.Application\LKN.Order.Application.csproj", "{73426314-9DEC-4E32-8FD6-170C54D35B27}"
EndProject
Project("{9A19103F-16F7-4668-BE54-9A1E7A4F7556}") = "LKN.Order.Application.Contracts", "moduls\LKN.Order\src\LKN.Order.Application.Contracts\LKN.Order.Application.Contracts.csproj", "{C6EBDAE5-BC62-4219-917B-56809306CE03}"
EndProject
Project("{9A19103F-16F7-4668-BE54-9A1E7A4F7556}") = "LKN.Order.Domain", "moduls\LKN.Order\src\LKN.Order.Domain\LKN.Order.Domain.csproj", "{BC9C2E10-2012-4428-BBB1-E5F9A74A3BCE}"
EndProject
Project("{9A19103F-16F7-4668-BE54-9A1E7A4F7556}") = "LKN.Order.Domain.Shared", "moduls\LKN.Order\src\LKN.Order.Domain.Shared\LKN.Order.Domain.Shared.csproj", "{AEC760A4-E4E2-49C2-BA6F-60C73E50EA80}"
EndProject
Project("{9A19103F-16F7-4668-BE54-9A1E7A4F7556}") = "LKN.Order.EntityFrameworkCore", "moduls\LKN.Order\src\LKN.Order.EntityFrameworkCore\LKN.Order.EntityFrameworkCore.csproj", "{D928E178-C4CD-4ED6-A5D9-C74281899E00}"
EndProject
Project("{9A19103F-16F7-4668-BE54-9A1E7A4F7556}") = "LKN.Order.HttpApi", "moduls\LKN.Order\src\LKN.Order.HttpApi\LKN.Order.HttpApi.csproj", "{E558FDAB-6B2C-4517-B3AC-9702A9E35C55}"
EndProject
Project("{9A19103F-16F7-4668-BE54-9A1E7A4F7556}") = "LKN.Order.HttpApi.Client", "moduls\LKN.Order\src\LKN.Order.HttpApi.Client\LKN.Order.HttpApi.Client.csproj", "{87E9AA20-5119-443D-A98C-7B8D60DFE8EC}"
EndProject
Project("{9A19103F-16F7-4668-BE54-9A1E7A4F7556}") = "LKN.Payment.Application", "moduls\LKN.Payment\src\LKN.Payment.Application\LKN.Payment.Application.csproj", "{A5154AE0-E528-4D1C-91C6-88E2AEE698D7}"
EndProject
Project("{9A19103F-16F7-4668-BE54-9A1E7A4F7556}") = "LKN.Payment.Application.Contracts", "moduls\LKN.Payment\src\LKN.Payment.Application.Contracts\LKN.Payment.Application.Contracts.csproj", "{F6E3C265-621A-474E-B374-AF58F266C4D4}"
EndProject
Project("{9A19103F-16F7-4668-BE54-9A1E7A4F7556}") = "LKN.Payment.Domain", "moduls\LKN.Payment\src\LKN.Payment.Domain\LKN.Payment.Domain.csproj", "{0C9CEABB-015A-4C8E-BB0B-5DA5853023E7}"
EndProject
Project("{9A19103F-16F7-4668-BE54-9A1E7A4F7556}") = "LKN.Payment.Domain.Shared", "moduls\LKN.Payment\src\LKN.Payment.Domain.Shared\LKN.Payment.Domain.Shared.csproj", "{2DF06B34-0219-406E-B009-39E3D46B9DD1}"
EndProject
Project("{9A19103F-16F7-4668-BE54-9A1E7A4F7556}") = "LKN.Payment.EntityFrameworkCore", "moduls\LKN.Payment\src\LKN.Payment.EntityFrameworkCore\LKN.Payment.EntityFrameworkCore.csproj", "{DD9166B8-56EA-44A7-8214-EAD341C9B6DF}"
EndProject
Project("{9A19103F-16F7-4668-BE54-9A1E7A4F7556}") = "LKN.Payment.HttpApi", "moduls\LKN.Payment\src\LKN.Payment.HttpApi\LKN.Payment.HttpApi.csproj", "{22F20D6C-F508-479A-B34F-7DDB1E64834B}"
EndProject
Project("{9A19103F-16F7-4668-BE54-9A1E7A4F7556}") = "LKN.Payment.HttpApi.Client", "moduls\LKN.Payment\src\LKN.Payment.HttpApi.Client\LKN.Payment.HttpApi.Client.csproj", "{792B3424-B8E5-40C9-99B2-5CB39410A551}"
EndProject
Project("{9A19103F-16F7-4668-BE54-9A1E7A4F7556}") = "LKN.Product.Application", "moduls\LKN.Product\src\LKN.Product.Application\LKN.Product.Application.csproj", "{C84B76B5-8F60-4F9C-8B69-4D6BD5176413}"
EndProject
Project("{9A19103F-16F7-4668-BE54-9A1E7A4F7556}") = "LKN.Product.Application.Contracts", "moduls\LKN.Product\src\LKN.Product.Application.Contracts\LKN.Product.Application.Contracts.csproj", "{B2DA8E00-CDC9-43F4-B724-81A3A744DB08}"
EndProject
Project("{9A19103F-16F7-4668-BE54-9A1E7A4F7556}") = "LKN.Product.Domain", "moduls\LKN.Product\src\LKN.Product.Domain\LKN.Product.Domain.csproj", "{FAA318E4-D011-4708-A757-56F0A40C940B}"
EndProject
Project("{9A19103F-16F7-4668-BE54-9A1E7A4F7556}") = "LKN.Product.Domain.Shared", "moduls\LKN.Product\src\LKN.Product.Domain.Shared\LKN.Product.Domain.Shared.csproj", "{75897F5A-217B-49F4-A47F-5E095F119279}"
EndProject
Project("{9A19103F-16F7-4668-BE54-9A1E7A4F7556}") = "LKN.Product.EntityFrameworkCore", "moduls\LKN.Product\src\LKN.Product.EntityFrameworkCore\LKN.Product.EntityFrameworkCore.csproj", "{E7D7F2E1-F600-4E92-BA81-08613FD5B519}"
EndProject
Project("{9A19103F-16F7-4668-BE54-9A1E7A4F7556}") = "LKN.Product.HttpApi", "moduls\LKN.Product\src\LKN.Product.HttpApi\LKN.Product.HttpApi.csproj", "{4CEFF503-50E1-4239-8C50-080724DE033C}"
EndProject
Project("{9A19103F-16F7-4668-BE54-9A1E7A4F7556}") = "LKN.Product.HttpApi.Client", "moduls\LKN.Product\src\LKN.Product.HttpApi.Client\LKN.Product.HttpApi.Client.csproj", "{887D4825-90D3-4FB1-B309-3BBA4FA605A2}"
EndProject
Project("{9A19103F-16F7-4668-BE54-9A1E7A4F7556}") = "LKN.User.Application", "moduls\LKN.User\src\LKN.User.Application\LKN.User.Application.csproj", "{D21543B8-7017-4FC4-9FED-842BF1BEEBDD}"
EndProject
Project("{9A19103F-16F7-4668-BE54-9A1E7A4F7556}") = "LKN.User.Application.Contracts", "moduls\LKN.User\src\LKN.User.Application.Contracts\LKN.User.Application.Contracts.csproj", "{20D15D11-1FF2-40AF-BDD1-98D54DE7A3FD}"
EndProject
Project("{9A19103F-16F7-4668-BE54-9A1E7A4F7556}") = "LKN.User.Domain", "moduls\LKN.User\src\LKN.User.Domain\LKN.User.Domain.csproj", "{D7458C56-B93C-4205-951B-66FB518E8C40}"
EndProject
Project("{9A19103F-16F7-4668-BE54-9A1E7A4F7556}") = "LKN.User.Domain.Shared", "moduls\LKN.User\src\LKN.User.Domain.Shared\LKN.User.Domain.Shared.csproj", "{046556C9-A749-455D-8733-D16FD31F4B87}"
EndProject
Project("{9A19103F-16F7-4668-BE54-9A1E7A4F7556}") = "LKN.User.EntityFrameworkCore", "moduls\LKN.User\src\LKN.User.EntityFrameworkCore\LKN.User.EntityFrameworkCore.csproj", "{AC720A19-475F-45BF-BE16-01F54DB5E36A}"
EndProject
Project("{9A19103F-16F7-4668-BE54-9A1E7A4F7556}") = "LKN.User.HttpApi.Client", "moduls\LKN.User\src\LKN.User.HttpApi.Client\LKN.User.HttpApi.Client.csproj", "{9FEB99AE-96D2-45E3-80C5-8B319C4E1396}"
EndProject
Project("{9A19103F-16F7-4668-BE54-9A1E7A4F7556}") = "LKN.User.HttpApi", "moduls\LKN.User\src\LKN.User.HttpApi\LKN.User.HttpApi.csproj", "{B29DF12E-AC05-4E13-8685-3E59B080615E}"
EndProject
Project("{2150E333-8FDC-42A3-9474-1A3956D46DE8}") = "microservices", "microservices", "{F3E30637-280A-42CA-9B20-A844E8A68DCA}"
EndProject
Project("{9A19103F-16F7-4668-BE54-9A1E7A4F7556}") = "LKN.Order.HttpApi.Host", "microservices\LKN.Order.HttpApi.Host\LKN.Order.HttpApi.Host.csproj", "{FD56C622-9E21-4379-B7BE-084D7F0AFC1D}"
EndProject
Project("{9A19103F-16F7-4668-BE54-9A1E7A4F7556}") = "LKN.Payment.HttpApi.Host", "microservices\LKN.Payment.HttpApi.Host\LKN.Payment.HttpApi.Host.csproj", "{06CCCB98-BA9B-4025-B51E-5C8F3D09A63D}"
EndProject
Project("{9A19103F-16F7-4668-BE54-9A1E7A4F7556}") = "LKN.Product.HttpApi.Host", "microservices\LKN.Product.HttpApi.Host\LKN.Product.HttpApi.Host.csproj", "{45DFAB9F-DCC7-466B-A82A-58FB8E5A12CA}"
EndProject
Project("{9A19103F-16F7-4668-BE54-9A1E7A4F7556}") = "LKN.User.HttpApi.Host", "microservices\LKN.User.HttpApi.Host\LKN.User.HttpApi.Host.csproj", "{DAAAD38D-D2FE-4BEE-8CFF-4ACE7D6EF4B2}"
EndProject
Project("{2150E333-8FDC-42A3-9474-1A3956D46DE8}") = "aggregateservices", "aggregateservices", "{4280C928-78E0-4647-BEBD-6CBF666B5460}"
EndProject
Project("{9A19103F-16F7-4668-BE54-9A1E7A4F7556}") = "LKN.OrderDetailsServices", "aggregateservices\LKN.OrderDetailsServices\LKN.OrderDetailsServices.csproj", "{BB5FDBA2-C1D0-41C2-B7FF-9AD61AE35F23}"
EndProject
Project("{2150E333-8FDC-42A3-9474-1A3956D46DE8}") = "gateways", "gateways", "{DE352266-E1F9-4FA7-93A5-18471350CCAD}"
EndProject
Project("{9A19103F-16F7-4668-BE54-9A1E7A4F7556}") = "InternalGateway.Host", "gateways\InternalGateway.Host\InternalGateway.Host.csproj", "{26F231D4-3C87-4E1E-9371-FCBC512C8C40}"
EndProject
Project("{2150E333-8FDC-42A3-9474-1A3956D46DE8}") = "frameworks", "frameworks", "{B88FD9E6-1502-445A-B8F8-9676A1C716EA}"
EndProject
Project("{9A19103F-16F7-4668-BE54-9A1E7A4F7556}") = "PublicWebSiteGateway.Host", "gateways\PublicWebSiteGateway.Host\PublicWebSiteGateway.Host.csproj", "{4D77A717-C6F3-4F7A-9FB0-B9A7A74A0F3F}"
EndProject
Project("{9A19103F-16F7-4668-BE54-9A1E7A4F7556}") = "LKN.Microservices.Infrastructure", "frameworks\LKN.Microservices.Infrastructure\src\LKN.Microservices.Infrastructure\LKN.Microservices.Infrastructure.csproj", "{189AEDB3-0FA2-4925-B3B1-17359AB9879F}"
EndProject
Project("{9A19103F-16F7-4668-BE54-9A1E7A4F7556}") = "LKN.Microservices.CAP", "frameworks\LKN.Microservices.CAP\src\LKN.Microservices.CAP\LKN.Microservices.CAP.csproj", "{EDADED63-B982-4757-95C4-5A966CF6F2A3}"
EndProject
Project("{9A19103F-16F7-4668-BE54-9A1E7A4F7556}") = "LKN.Microservices.ELK", "frameworks\LKN.Microservices.ELK\LKN.Microservices.ELK\LKN.Microservices.ELK.csproj", "{7E8DA78B-104D-43D6-8E0C-2E1ECECB1F7A}"
EndProject
Project("{9A19103F-16F7-4668-BE54-9A1E7A4F7556}") = "Servicecomb.Saga.Omega.Abstractions", "frameworks\Servicecomb.Saga\Servicecomb.Saga.Omega.Abstractions\Servicecomb.Saga.Omega.Abstractions.csproj", "{7BBA3A7D-23C7-4E4D-B1A7-FAAEDB525AB2}"
EndProject
Project("{9A19103F-16F7-4668-BE54-9A1E7A4F7556}") = "Servicecomb.Saga.Omega.AspNetCore", "frameworks\Servicecomb.Saga\Servicecomb.Saga.Omega.AspNetCore\Servicecomb.Saga.Omega.AspNetCore.csproj", "{9E3BD320-170C-472A-BF0B-1DCC7E23E22B}"
EndProject
Project("{9A19103F-16F7-4668-BE54-9A1E7A4F7556}") = "Servicecomb.Saga.Omega.Core", "frameworks\Servicecomb.Saga\Servicecomb.Saga.Omega.Core\Servicecomb.Saga.Omega.Core.csproj", "{4D5C593D-ED41-42E9-BC95-488340736470}"
EndProject
Project("{9A19103F-16F7-4668-BE54-9A1E7A4F7556}") = "Servicecomb.Saga.Omega.Protocol", "frameworks\Servicecomb.Saga\Servicecomb.Saga.Omega.Protocol\Servicecomb.Saga.Omega.Protocol.csproj", "{6E7BE770-7531-4129-ABF5-8A762F0267F1}"
EndProject
Project("{2150E333-8FDC-42A3-9474-1A3956D46DE8}") = "LKN.AuthMicroService", "LKN.AuthMicroService", "{79F4AA53-18D0-467C-AA91-6C9022F22990}"
EndProject
Project("{9A19103F-16F7-4668-BE54-9A1E7A4F7556}") = "LKN.AuthMicroService.Application", "moduls\LKN.AuthMicroService\src\LKN.AuthMicroService.Application\LKN.AuthMicroService.Application.csproj", "{C4DA067F-DAB3-4AF8-A637-F96272D06330}"
EndProject
Project("{9A19103F-16F7-4668-BE54-9A1E7A4F7556}") = "LKN.AuthMicroService.Application.Contracts", "moduls\LKN.AuthMicroService\src\LKN.AuthMicroService.Application.Contracts\LKN.AuthMicroService.Application.Contracts.csproj", "{2172BF2F-C076-4DF2-B4CD-C310EC6C5A39}"
EndProject
Project("{9A19103F-16F7-4668-BE54-9A1E7A4F7556}") = "LKN.AuthMicroService.Domain", "moduls\LKN.AuthMicroService\src\LKN.AuthMicroService.Domain\LKN.AuthMicroService.Domain.csproj", "{19119058-B96A-464E-90EF-AD1046ED1E6E}"
EndProject
Project("{9A19103F-16F7-4668-BE54-9A1E7A4F7556}") = "LKN.AuthMicroService.Domain.Shared", "moduls\LKN.AuthMicroService\src\LKN.AuthMicroService.Domain.Shared\LKN.AuthMicroService.Domain.Shared.csproj", "{3F95AEB6-A7E5-4100-9EA1-841D381D7ACC}"
EndProject
Project("{9A19103F-16F7-4668-BE54-9A1E7A4F7556}") = "LKN.AuthMicroService.EntityFrameworkCore", "moduls\LKN.AuthMicroService\src\LKN.AuthMicroService.EntityFrameworkCore\LKN.AuthMicroService.EntityFrameworkCore.csproj", "{67FFC0BD-AFDD-462E-A04F-334A34756DF6}"
EndProject
Project("{9A19103F-16F7-4668-BE54-9A1E7A4F7556}") = "LKN.AuthMicroService.HttpApi", "moduls\LKN.AuthMicroService\src\LKN.AuthMicroService.HttpApi\LKN.AuthMicroService.HttpApi.csproj", "{7164134E-C443-45A5-8DC4-A9A3D244E31F}"
EndProject
Project("{9A19103F-16F7-4668-BE54-9A1E7A4F7556}") = "LKN.AuthMicroService.HttpApi.Client", "moduls\LKN.AuthMicroService\src\LKN.AuthMicroService.HttpApi.Client\LKN.AuthMicroService.HttpApi.Client.csproj", "{5FD335F8-5D8D-4671-A832-5555E2899E84}"
EndProject
Project("{9A19103F-16F7-4668-BE54-9A1E7A4F7556}") = "LKN.AuthMicroService.HttpApi.Host", "moduls\LKN.AuthMicroService\host\LKN.AuthMicroService.HttpApi.Host\LKN.AuthMicroService.HttpApi.Host.csproj", "{93263B11-4BB2-4415-B985-3C1B48C10494}"
EndProject
Global
	GlobalSection(SolutionConfigurationPlatforms) = preSolution
		Debug|Any CPU = Debug|Any CPU
		Release|Any CPU = Release|Any CPU
	EndGlobalSection
	GlobalSection(ProjectConfigurationPlatforms) = postSolution
		{00A2F7A3-BEC3-48F4-A91C-5A336C32A5D2}.Debug|Any CPU.ActiveCfg = Debug|Any CPU
		{00A2F7A3-BEC3-48F4-A91C-5A336C32A5D2}.Debug|Any CPU.Build.0 = Debug|Any CPU
		{00A2F7A3-BEC3-48F4-A91C-5A336C32A5D2}.Release|Any CPU.ActiveCfg = Release|Any CPU
		{00A2F7A3-BEC3-48F4-A91C-5A336C32A5D2}.Release|Any CPU.Build.0 = Release|Any CPU
		{73426314-9DEC-4E32-8FD6-170C54D35B27}.Debug|Any CPU.ActiveCfg = Debug|Any CPU
		{73426314-9DEC-4E32-8FD6-170C54D35B27}.Debug|Any CPU.Build.0 = Debug|Any CPU
		{73426314-9DEC-4E32-8FD6-170C54D35B27}.Release|Any CPU.ActiveCfg = Release|Any CPU
		{73426314-9DEC-4E32-8FD6-170C54D35B27}.Release|Any CPU.Build.0 = Release|Any CPU
		{C6EBDAE5-BC62-4219-917B-56809306CE03}.Debug|Any CPU.ActiveCfg = Debug|Any CPU
		{C6EBDAE5-BC62-4219-917B-56809306CE03}.Debug|Any CPU.Build.0 = Debug|Any CPU
		{C6EBDAE5-BC62-4219-917B-56809306CE03}.Release|Any CPU.ActiveCfg = Release|Any CPU
		{C6EBDAE5-BC62-4219-917B-56809306CE03}.Release|Any CPU.Build.0 = Release|Any CPU
		{BC9C2E10-2012-4428-BBB1-E5F9A74A3BCE}.Debug|Any CPU.ActiveCfg = Debug|Any CPU
		{BC9C2E10-2012-4428-BBB1-E5F9A74A3BCE}.Debug|Any CPU.Build.0 = Debug|Any CPU
		{BC9C2E10-2012-4428-BBB1-E5F9A74A3BCE}.Release|Any CPU.ActiveCfg = Release|Any CPU
		{BC9C2E10-2012-4428-BBB1-E5F9A74A3BCE}.Release|Any CPU.Build.0 = Release|Any CPU
		{AEC760A4-E4E2-49C2-BA6F-60C73E50EA80}.Debug|Any CPU.ActiveCfg = Debug|Any CPU
		{AEC760A4-E4E2-49C2-BA6F-60C73E50EA80}.Debug|Any CPU.Build.0 = Debug|Any CPU
		{AEC760A4-E4E2-49C2-BA6F-60C73E50EA80}.Release|Any CPU.ActiveCfg = Release|Any CPU
		{AEC760A4-E4E2-49C2-BA6F-60C73E50EA80}.Release|Any CPU.Build.0 = Release|Any CPU
		{D928E178-C4CD-4ED6-A5D9-C74281899E00}.Debug|Any CPU.ActiveCfg = Debug|Any CPU
		{D928E178-C4CD-4ED6-A5D9-C74281899E00}.Debug|Any CPU.Build.0 = Debug|Any CPU
		{D928E178-C4CD-4ED6-A5D9-C74281899E00}.Release|Any CPU.ActiveCfg = Release|Any CPU
		{D928E178-C4CD-4ED6-A5D9-C74281899E00}.Release|Any CPU.Build.0 = Release|Any CPU
		{E558FDAB-6B2C-4517-B3AC-9702A9E35C55}.Debug|Any CPU.ActiveCfg = Debug|Any CPU
		{E558FDAB-6B2C-4517-B3AC-9702A9E35C55}.Debug|Any CPU.Build.0 = Debug|Any CPU
		{E558FDAB-6B2C-4517-B3AC-9702A9E35C55}.Release|Any CPU.ActiveCfg = Release|Any CPU
		{E558FDAB-6B2C-4517-B3AC-9702A9E35C55}.Release|Any CPU.Build.0 = Release|Any CPU
		{87E9AA20-5119-443D-A98C-7B8D60DFE8EC}.Debug|Any CPU.ActiveCfg = Debug|Any CPU
		{87E9AA20-5119-443D-A98C-7B8D60DFE8EC}.Debug|Any CPU.Build.0 = Debug|Any CPU
		{87E9AA20-5119-443D-A98C-7B8D60DFE8EC}.Release|Any CPU.ActiveCfg = Release|Any CPU
		{87E9AA20-5119-443D-A98C-7B8D60DFE8EC}.Release|Any CPU.Build.0 = Release|Any CPU
		{A5154AE0-E528-4D1C-91C6-88E2AEE698D7}.Debug|Any CPU.ActiveCfg = Debug|Any CPU
		{A5154AE0-E528-4D1C-91C6-88E2AEE698D7}.Debug|Any CPU.Build.0 = Debug|Any CPU
		{A5154AE0-E528-4D1C-91C6-88E2AEE698D7}.Release|Any CPU.ActiveCfg = Release|Any CPU
		{A5154AE0-E528-4D1C-91C6-88E2AEE698D7}.Release|Any CPU.Build.0 = Release|Any CPU
		{F6E3C265-621A-474E-B374-AF58F266C4D4}.Debug|Any CPU.ActiveCfg = Debug|Any CPU
		{F6E3C265-621A-474E-B374-AF58F266C4D4}.Debug|Any CPU.Build.0 = Debug|Any CPU
		{F6E3C265-621A-474E-B374-AF58F266C4D4}.Release|Any CPU.ActiveCfg = Release|Any CPU
		{F6E3C265-621A-474E-B374-AF58F266C4D4}.Release|Any CPU.Build.0 = Release|Any CPU
		{0C9CEABB-015A-4C8E-BB0B-5DA5853023E7}.Debug|Any CPU.ActiveCfg = Debug|Any CPU
		{0C9CEABB-015A-4C8E-BB0B-5DA5853023E7}.Debug|Any CPU.Build.0 = Debug|Any CPU
		{0C9CEABB-015A-4C8E-BB0B-5DA5853023E7}.Release|Any CPU.ActiveCfg = Release|Any CPU
		{0C9CEABB-015A-4C8E-BB0B-5DA5853023E7}.Release|Any CPU.Build.0 = Release|Any CPU
		{2DF06B34-0219-406E-B009-39E3D46B9DD1}.Debug|Any CPU.ActiveCfg = Debug|Any CPU
		{2DF06B34-0219-406E-B009-39E3D46B9DD1}.Debug|Any CPU.Build.0 = Debug|Any CPU
		{2DF06B34-0219-406E-B009-39E3D46B9DD1}.Release|Any CPU.ActiveCfg = Release|Any CPU
		{2DF06B34-0219-406E-B009-39E3D46B9DD1}.Release|Any CPU.Build.0 = Release|Any CPU
		{DD9166B8-56EA-44A7-8214-EAD341C9B6DF}.Debug|Any CPU.ActiveCfg = Debug|Any CPU
		{DD9166B8-56EA-44A7-8214-EAD341C9B6DF}.Debug|Any CPU.Build.0 = Debug|Any CPU
		{DD9166B8-56EA-44A7-8214-EAD341C9B6DF}.Release|Any CPU.ActiveCfg = Release|Any CPU
		{DD9166B8-56EA-44A7-8214-EAD341C9B6DF}.Release|Any CPU.Build.0 = Release|Any CPU
		{22F20D6C-F508-479A-B34F-7DDB1E64834B}.Debug|Any CPU.ActiveCfg = Debug|Any CPU
		{22F20D6C-F508-479A-B34F-7DDB1E64834B}.Debug|Any CPU.Build.0 = Debug|Any CPU
		{22F20D6C-F508-479A-B34F-7DDB1E64834B}.Release|Any CPU.ActiveCfg = Release|Any CPU
		{22F20D6C-F508-479A-B34F-7DDB1E64834B}.Release|Any CPU.Build.0 = Release|Any CPU
		{792B3424-B8E5-40C9-99B2-5CB39410A551}.Debug|Any CPU.ActiveCfg = Debug|Any CPU
		{792B3424-B8E5-40C9-99B2-5CB39410A551}.Debug|Any CPU.Build.0 = Debug|Any CPU
		{792B3424-B8E5-40C9-99B2-5CB39410A551}.Release|Any CPU.ActiveCfg = Release|Any CPU
		{792B3424-B8E5-40C9-99B2-5CB39410A551}.Release|Any CPU.Build.0 = Release|Any CPU
		{C84B76B5-8F60-4F9C-8B69-4D6BD5176413}.Debug|Any CPU.ActiveCfg = Debug|Any CPU
		{C84B76B5-8F60-4F9C-8B69-4D6BD5176413}.Debug|Any CPU.Build.0 = Debug|Any CPU
		{C84B76B5-8F60-4F9C-8B69-4D6BD5176413}.Release|Any CPU.ActiveCfg = Release|Any CPU
		{C84B76B5-8F60-4F9C-8B69-4D6BD5176413}.Release|Any CPU.Build.0 = Release|Any CPU
		{B2DA8E00-CDC9-43F4-B724-81A3A744DB08}.Debug|Any CPU.ActiveCfg = Debug|Any CPU
		{B2DA8E00-CDC9-43F4-B724-81A3A744DB08}.Debug|Any CPU.Build.0 = Debug|Any CPU
		{B2DA8E00-CDC9-43F4-B724-81A3A744DB08}.Release|Any CPU.ActiveCfg = Release|Any CPU
		{B2DA8E00-CDC9-43F4-B724-81A3A744DB08}.Release|Any CPU.Build.0 = Release|Any CPU
		{FAA318E4-D011-4708-A757-56F0A40C940B}.Debug|Any CPU.ActiveCfg = Debug|Any CPU
		{FAA318E4-D011-4708-A757-56F0A40C940B}.Debug|Any CPU.Build.0 = Debug|Any CPU
		{FAA318E4-D011-4708-A757-56F0A40C940B}.Release|Any CPU.ActiveCfg = Release|Any CPU
		{FAA318E4-D011-4708-A757-56F0A40C940B}.Release|Any CPU.Build.0 = Release|Any CPU
		{75897F5A-217B-49F4-A47F-5E095F119279}.Debug|Any CPU.ActiveCfg = Debug|Any CPU
		{75897F5A-217B-49F4-A47F-5E095F119279}.Debug|Any CPU.Build.0 = Debug|Any CPU
		{75897F5A-217B-49F4-A47F-5E095F119279}.Release|Any CPU.ActiveCfg = Release|Any CPU
		{75897F5A-217B-49F4-A47F-5E095F119279}.Release|Any CPU.Build.0 = Release|Any CPU
		{E7D7F2E1-F600-4E92-BA81-08613FD5B519}.Debug|Any CPU.ActiveCfg = Debug|Any CPU
		{E7D7F2E1-F600-4E92-BA81-08613FD5B519}.Debug|Any CPU.Build.0 = Debug|Any CPU
		{E7D7F2E1-F600-4E92-BA81-08613FD5B519}.Release|Any CPU.ActiveCfg = Release|Any CPU
		{E7D7F2E1-F600-4E92-BA81-08613FD5B519}.Release|Any CPU.Build.0 = Release|Any CPU
		{4CEFF503-50E1-4239-8C50-080724DE033C}.Debug|Any CPU.ActiveCfg = Debug|Any CPU
		{4CEFF503-50E1-4239-8C50-080724DE033C}.Debug|Any CPU.Build.0 = Debug|Any CPU
		{4CEFF503-50E1-4239-8C50-080724DE033C}.Release|Any CPU.ActiveCfg = Release|Any CPU
		{4CEFF503-50E1-4239-8C50-080724DE033C}.Release|Any CPU.Build.0 = Release|Any CPU
		{887D4825-90D3-4FB1-B309-3BBA4FA605A2}.Debug|Any CPU.ActiveCfg = Debug|Any CPU
		{887D4825-90D3-4FB1-B309-3BBA4FA605A2}.Debug|Any CPU.Build.0 = Debug|Any CPU
		{887D4825-90D3-4FB1-B309-3BBA4FA605A2}.Release|Any CPU.ActiveCfg = Release|Any CPU
		{887D4825-90D3-4FB1-B309-3BBA4FA605A2}.Release|Any CPU.Build.0 = Release|Any CPU
		{D21543B8-7017-4FC4-9FED-842BF1BEEBDD}.Debug|Any CPU.ActiveCfg = Debug|Any CPU
		{D21543B8-7017-4FC4-9FED-842BF1BEEBDD}.Debug|Any CPU.Build.0 = Debug|Any CPU
		{D21543B8-7017-4FC4-9FED-842BF1BEEBDD}.Release|Any CPU.ActiveCfg = Release|Any CPU
		{D21543B8-7017-4FC4-9FED-842BF1BEEBDD}.Release|Any CPU.Build.0 = Release|Any CPU
		{20D15D11-1FF2-40AF-BDD1-98D54DE7A3FD}.Debug|Any CPU.ActiveCfg = Debug|Any CPU
		{20D15D11-1FF2-40AF-BDD1-98D54DE7A3FD}.Debug|Any CPU.Build.0 = Debug|Any CPU
		{20D15D11-1FF2-40AF-BDD1-98D54DE7A3FD}.Release|Any CPU.ActiveCfg = Release|Any CPU
		{20D15D11-1FF2-40AF-BDD1-98D54DE7A3FD}.Release|Any CPU.Build.0 = Release|Any CPU
		{D7458C56-B93C-4205-951B-66FB518E8C40}.Debug|Any CPU.ActiveCfg = Debug|Any CPU
		{D7458C56-B93C-4205-951B-66FB518E8C40}.Debug|Any CPU.Build.0 = Debug|Any CPU
		{D7458C56-B93C-4205-951B-66FB518E8C40}.Release|Any CPU.ActiveCfg = Release|Any CPU
		{D7458C56-B93C-4205-951B-66FB518E8C40}.Release|Any CPU.Build.0 = Release|Any CPU
		{046556C9-A749-455D-8733-D16FD31F4B87}.Debug|Any CPU.ActiveCfg = Debug|Any CPU
		{046556C9-A749-455D-8733-D16FD31F4B87}.Debug|Any CPU.Build.0 = Debug|Any CPU
		{046556C9-A749-455D-8733-D16FD31F4B87}.Release|Any CPU.ActiveCfg = Release|Any CPU
		{046556C9-A749-455D-8733-D16FD31F4B87}.Release|Any CPU.Build.0 = Release|Any CPU
		{AC720A19-475F-45BF-BE16-01F54DB5E36A}.Debug|Any CPU.ActiveCfg = Debug|Any CPU
		{AC720A19-475F-45BF-BE16-01F54DB5E36A}.Debug|Any CPU.Build.0 = Debug|Any CPU
		{AC720A19-475F-45BF-BE16-01F54DB5E36A}.Release|Any CPU.ActiveCfg = Release|Any CPU
		{AC720A19-475F-45BF-BE16-01F54DB5E36A}.Release|Any CPU.Build.0 = Release|Any CPU
		{9FEB99AE-96D2-45E3-80C5-8B319C4E1396}.Debug|Any CPU.ActiveCfg = Debug|Any CPU
		{9FEB99AE-96D2-45E3-80C5-8B319C4E1396}.Debug|Any CPU.Build.0 = Debug|Any CPU
		{9FEB99AE-96D2-45E3-80C5-8B319C4E1396}.Release|Any CPU.ActiveCfg = Release|Any CPU
		{9FEB99AE-96D2-45E3-80C5-8B319C4E1396}.Release|Any CPU.Build.0 = Release|Any CPU
		{B29DF12E-AC05-4E13-8685-3E59B080615E}.Debug|Any CPU.ActiveCfg = Debug|Any CPU
		{B29DF12E-AC05-4E13-8685-3E59B080615E}.Debug|Any CPU.Build.0 = Debug|Any CPU
		{B29DF12E-AC05-4E13-8685-3E59B080615E}.Release|Any CPU.ActiveCfg = Release|Any CPU
		{B29DF12E-AC05-4E13-8685-3E59B080615E}.Release|Any CPU.Build.0 = Release|Any CPU
		{FD56C622-9E21-4379-B7BE-084D7F0AFC1D}.Debug|Any CPU.ActiveCfg = Debug|Any CPU
		{FD56C622-9E21-4379-B7BE-084D7F0AFC1D}.Debug|Any CPU.Build.0 = Debug|Any CPU
		{FD56C622-9E21-4379-B7BE-084D7F0AFC1D}.Release|Any CPU.ActiveCfg = Release|Any CPU
		{FD56C622-9E21-4379-B7BE-084D7F0AFC1D}.Release|Any CPU.Build.0 = Release|Any CPU
		{06CCCB98-BA9B-4025-B51E-5C8F3D09A63D}.Debug|Any CPU.ActiveCfg = Debug|Any CPU
		{06CCCB98-BA9B-4025-B51E-5C8F3D09A63D}.Debug|Any CPU.Build.0 = Debug|Any CPU
		{06CCCB98-BA9B-4025-B51E-5C8F3D09A63D}.Release|Any CPU.ActiveCfg = Release|Any CPU
		{06CCCB98-BA9B-4025-B51E-5C8F3D09A63D}.Release|Any CPU.Build.0 = Release|Any CPU
		{45DFAB9F-DCC7-466B-A82A-58FB8E5A12CA}.Debug|Any CPU.ActiveCfg = Debug|Any CPU
		{45DFAB9F-DCC7-466B-A82A-58FB8E5A12CA}.Debug|Any CPU.Build.0 = Debug|Any CPU
		{45DFAB9F-DCC7-466B-A82A-58FB8E5A12CA}.Release|Any CPU.ActiveCfg = Release|Any CPU
		{45DFAB9F-DCC7-466B-A82A-58FB8E5A12CA}.Release|Any CPU.Build.0 = Release|Any CPU
		{DAAAD38D-D2FE-4BEE-8CFF-4ACE7D6EF4B2}.Debug|Any CPU.ActiveCfg = Debug|Any CPU
		{DAAAD38D-D2FE-4BEE-8CFF-4ACE7D6EF4B2}.Debug|Any CPU.Build.0 = Debug|Any CPU
		{DAAAD38D-D2FE-4BEE-8CFF-4ACE7D6EF4B2}.Release|Any CPU.ActiveCfg = Release|Any CPU
		{DAAAD38D-D2FE-4BEE-8CFF-4ACE7D6EF4B2}.Release|Any CPU.Build.0 = Release|Any CPU
		{BB5FDBA2-C1D0-41C2-B7FF-9AD61AE35F23}.Debug|Any CPU.ActiveCfg = Debug|Any CPU
		{BB5FDBA2-C1D0-41C2-B7FF-9AD61AE35F23}.Debug|Any CPU.Build.0 = Debug|Any CPU
		{BB5FDBA2-C1D0-41C2-B7FF-9AD61AE35F23}.Release|Any CPU.ActiveCfg = Release|Any CPU
		{BB5FDBA2-C1D0-41C2-B7FF-9AD61AE35F23}.Release|Any CPU.Build.0 = Release|Any CPU
		{26F231D4-3C87-4E1E-9371-FCBC512C8C40}.Debug|Any CPU.ActiveCfg = Debug|Any CPU
		{26F231D4-3C87-4E1E-9371-FCBC512C8C40}.Debug|Any CPU.Build.0 = Debug|Any CPU
		{26F231D4-3C87-4E1E-9371-FCBC512C8C40}.Release|Any CPU.ActiveCfg = Release|Any CPU
		{26F231D4-3C87-4E1E-9371-FCBC512C8C40}.Release|Any CPU.Build.0 = Release|Any CPU
		{4D77A717-C6F3-4F7A-9FB0-B9A7A74A0F3F}.Debug|Any CPU.ActiveCfg = Debug|Any CPU
		{4D77A717-C6F3-4F7A-9FB0-B9A7A74A0F3F}.Debug|Any CPU.Build.0 = Debug|Any CPU
		{4D77A717-C6F3-4F7A-9FB0-B9A7A74A0F3F}.Release|Any CPU.ActiveCfg = Release|Any CPU
		{4D77A717-C6F3-4F7A-9FB0-B9A7A74A0F3F}.Release|Any CPU.Build.0 = Release|Any CPU
		{189AEDB3-0FA2-4925-B3B1-17359AB9879F}.Debug|Any CPU.ActiveCfg = Debug|Any CPU
		{189AEDB3-0FA2-4925-B3B1-17359AB9879F}.Debug|Any CPU.Build.0 = Debug|Any CPU
		{189AEDB3-0FA2-4925-B3B1-17359AB9879F}.Release|Any CPU.ActiveCfg = Release|Any CPU
		{189AEDB3-0FA2-4925-B3B1-17359AB9879F}.Release|Any CPU.Build.0 = Release|Any CPU
		{EDADED63-B982-4757-95C4-5A966CF6F2A3}.Debug|Any CPU.ActiveCfg = Debug|Any CPU
		{EDADED63-B982-4757-95C4-5A966CF6F2A3}.Debug|Any CPU.Build.0 = Debug|Any CPU
		{EDADED63-B982-4757-95C4-5A966CF6F2A3}.Release|Any CPU.ActiveCfg = Release|Any CPU
		{EDADED63-B982-4757-95C4-5A966CF6F2A3}.Release|Any CPU.Build.0 = Release|Any CPU
		{7E8DA78B-104D-43D6-8E0C-2E1ECECB1F7A}.Debug|Any CPU.ActiveCfg = Debug|Any CPU
		{7E8DA78B-104D-43D6-8E0C-2E1ECECB1F7A}.Debug|Any CPU.Build.0 = Debug|Any CPU
		{7E8DA78B-104D-43D6-8E0C-2E1ECECB1F7A}.Release|Any CPU.ActiveCfg = Release|Any CPU
		{7E8DA78B-104D-43D6-8E0C-2E1ECECB1F7A}.Release|Any CPU.Build.0 = Release|Any CPU
		{7BBA3A7D-23C7-4E4D-B1A7-FAAEDB525AB2}.Debug|Any CPU.ActiveCfg = Debug|Any CPU
		{7BBA3A7D-23C7-4E4D-B1A7-FAAEDB525AB2}.Debug|Any CPU.Build.0 = Debug|Any CPU
		{7BBA3A7D-23C7-4E4D-B1A7-FAAEDB525AB2}.Release|Any CPU.ActiveCfg = Release|Any CPU
		{7BBA3A7D-23C7-4E4D-B1A7-FAAEDB525AB2}.Release|Any CPU.Build.0 = Release|Any CPU
		{9E3BD320-170C-472A-BF0B-1DCC7E23E22B}.Debug|Any CPU.ActiveCfg = Debug|Any CPU
		{9E3BD320-170C-472A-BF0B-1DCC7E23E22B}.Debug|Any CPU.Build.0 = Debug|Any CPU
		{9E3BD320-170C-472A-BF0B-1DCC7E23E22B}.Release|Any CPU.ActiveCfg = Release|Any CPU
		{9E3BD320-170C-472A-BF0B-1DCC7E23E22B}.Release|Any CPU.Build.0 = Release|Any CPU
		{4D5C593D-ED41-42E9-BC95-488340736470}.Debug|Any CPU.ActiveCfg = Debug|Any CPU
		{4D5C593D-ED41-42E9-BC95-488340736470}.Debug|Any CPU.Build.0 = Debug|Any CPU
		{4D5C593D-ED41-42E9-BC95-488340736470}.Release|Any CPU.ActiveCfg = Release|Any CPU
		{4D5C593D-ED41-42E9-BC95-488340736470}.Release|Any CPU.Build.0 = Release|Any CPU
		{6E7BE770-7531-4129-ABF5-8A762F0267F1}.Debug|Any CPU.ActiveCfg = Debug|Any CPU
		{6E7BE770-7531-4129-ABF5-8A762F0267F1}.Debug|Any CPU.Build.0 = Debug|Any CPU
		{6E7BE770-7531-4129-ABF5-8A762F0267F1}.Release|Any CPU.ActiveCfg = Release|Any CPU
		{6E7BE770-7531-4129-ABF5-8A762F0267F1}.Release|Any CPU.Build.0 = Release|Any CPU
		{C4DA067F-DAB3-4AF8-A637-F96272D06330}.Debug|Any CPU.ActiveCfg = Debug|Any CPU
		{C4DA067F-DAB3-4AF8-A637-F96272D06330}.Debug|Any CPU.Build.0 = Debug|Any CPU
		{C4DA067F-DAB3-4AF8-A637-F96272D06330}.Release|Any CPU.ActiveCfg = Release|Any CPU
		{C4DA067F-DAB3-4AF8-A637-F96272D06330}.Release|Any CPU.Build.0 = Release|Any CPU
		{2172BF2F-C076-4DF2-B4CD-C310EC6C5A39}.Debug|Any CPU.ActiveCfg = Debug|Any CPU
		{2172BF2F-C076-4DF2-B4CD-C310EC6C5A39}.Debug|Any CPU.Build.0 = Debug|Any CPU
		{2172BF2F-C076-4DF2-B4CD-C310EC6C5A39}.Release|Any CPU.ActiveCfg = Release|Any CPU
		{2172BF2F-C076-4DF2-B4CD-C310EC6C5A39}.Release|Any CPU.Build.0 = Release|Any CPU
		{19119058-B96A-464E-90EF-AD1046ED1E6E}.Debug|Any CPU.ActiveCfg = Debug|Any CPU
		{19119058-B96A-464E-90EF-AD1046ED1E6E}.Debug|Any CPU.Build.0 = Debug|Any CPU
		{19119058-B96A-464E-90EF-AD1046ED1E6E}.Release|Any CPU.ActiveCfg = Release|Any CPU
		{19119058-B96A-464E-90EF-AD1046ED1E6E}.Release|Any CPU.Build.0 = Release|Any CPU
		{3F95AEB6-A7E5-4100-9EA1-841D381D7ACC}.Debug|Any CPU.ActiveCfg = Debug|Any CPU
		{3F95AEB6-A7E5-4100-9EA1-841D381D7ACC}.Debug|Any CPU.Build.0 = Debug|Any CPU
		{3F95AEB6-A7E5-4100-9EA1-841D381D7ACC}.Release|Any CPU.ActiveCfg = Release|Any CPU
		{3F95AEB6-A7E5-4100-9EA1-841D381D7ACC}.Release|Any CPU.Build.0 = Release|Any CPU
		{67FFC0BD-AFDD-462E-A04F-334A34756DF6}.Debug|Any CPU.ActiveCfg = Debug|Any CPU
		{67FFC0BD-AFDD-462E-A04F-334A34756DF6}.Debug|Any CPU.Build.0 = Debug|Any CPU
		{67FFC0BD-AFDD-462E-A04F-334A34756DF6}.Release|Any CPU.ActiveCfg = Release|Any CPU
		{67FFC0BD-AFDD-462E-A04F-334A34756DF6}.Release|Any CPU.Build.0 = Release|Any CPU
		{7164134E-C443-45A5-8DC4-A9A3D244E31F}.Debug|Any CPU.ActiveCfg = Debug|Any CPU
		{7164134E-C443-45A5-8DC4-A9A3D244E31F}.Debug|Any CPU.Build.0 = Debug|Any CPU
		{7164134E-C443-45A5-8DC4-A9A3D244E31F}.Release|Any CPU.ActiveCfg = Release|Any CPU
		{7164134E-C443-45A5-8DC4-A9A3D244E31F}.Release|Any CPU.Build.0 = Release|Any CPU
		{5FD335F8-5D8D-4671-A832-5555E2899E84}.Debug|Any CPU.ActiveCfg = Debug|Any CPU
		{5FD335F8-5D8D-4671-A832-5555E2899E84}.Debug|Any CPU.Build.0 = Debug|Any CPU
		{5FD335F8-5D8D-4671-A832-5555E2899E84}.Release|Any CPU.ActiveCfg = Release|Any CPU
		{5FD335F8-5D8D-4671-A832-5555E2899E84}.Release|Any CPU.Build.0 = Release|Any CPU
		{93263B11-4BB2-4415-B985-3C1B48C10494}.Debug|Any CPU.ActiveCfg = Debug|Any CPU
		{93263B11-4BB2-4415-B985-3C1B48C10494}.Debug|Any CPU.Build.0 = Debug|Any CPU
		{93263B11-4BB2-4415-B985-3C1B48C10494}.Release|Any CPU.ActiveCfg = Release|Any CPU
		{93263B11-4BB2-4415-B985-3C1B48C10494}.Release|Any CPU.Build.0 = Release|Any CPU
	EndGlobalSection
	GlobalSection(SolutionProperties) = preSolution
		HideSolutionNode = FALSE
	EndGlobalSection
	GlobalSection(NestedProjects) = preSolution
		{00A2F7A3-BEC3-48F4-A91C-5A336C32A5D2} = {E8067AED-2B6E-4134-AAF8-9101457D709A}
		{C2DE7366-EC78-48B3-B3C8-D08B0EB5F2DC} = {A303F5F7-818E-4A51-8AEE-37B713AF6E7D}
		{7911310A-BA2C-413C-BC88-30BBA3F7A1CE} = {A303F5F7-818E-4A51-8AEE-37B713AF6E7D}
		{01D2EC50-FFA7-4518-B01D-6D945BE86011} = {A303F5F7-818E-4A51-8AEE-37B713AF6E7D}
		{C8C9E02C-DA94-45AE-9781-9A0133764375} = {A303F5F7-818E-4A51-8AEE-37B713AF6E7D}
		{73426314-9DEC-4E32-8FD6-170C54D35B27} = {C2DE7366-EC78-48B3-B3C8-D08B0EB5F2DC}
		{C6EBDAE5-BC62-4219-917B-56809306CE03} = {C2DE7366-EC78-48B3-B3C8-D08B0EB5F2DC}
		{BC9C2E10-2012-4428-BBB1-E5F9A74A3BCE} = {C2DE7366-EC78-48B3-B3C8-D08B0EB5F2DC}
		{AEC760A4-E4E2-49C2-BA6F-60C73E50EA80} = {C2DE7366-EC78-48B3-B3C8-D08B0EB5F2DC}
		{D928E178-C4CD-4ED6-A5D9-C74281899E00} = {C2DE7366-EC78-48B3-B3C8-D08B0EB5F2DC}
		{E558FDAB-6B2C-4517-B3AC-9702A9E35C55} = {C2DE7366-EC78-48B3-B3C8-D08B0EB5F2DC}
		{87E9AA20-5119-443D-A98C-7B8D60DFE8EC} = {C2DE7366-EC78-48B3-B3C8-D08B0EB5F2DC}
		{A5154AE0-E528-4D1C-91C6-88E2AEE698D7} = {7911310A-BA2C-413C-BC88-30BBA3F7A1CE}
		{F6E3C265-621A-474E-B374-AF58F266C4D4} = {7911310A-BA2C-413C-BC88-30BBA3F7A1CE}
		{0C9CEABB-015A-4C8E-BB0B-5DA5853023E7} = {7911310A-BA2C-413C-BC88-30BBA3F7A1CE}
		{2DF06B34-0219-406E-B009-39E3D46B9DD1} = {7911310A-BA2C-413C-BC88-30BBA3F7A1CE}
		{DD9166B8-56EA-44A7-8214-EAD341C9B6DF} = {7911310A-BA2C-413C-BC88-30BBA3F7A1CE}
		{22F20D6C-F508-479A-B34F-7DDB1E64834B} = {7911310A-BA2C-413C-BC88-30BBA3F7A1CE}
		{792B3424-B8E5-40C9-99B2-5CB39410A551} = {7911310A-BA2C-413C-BC88-30BBA3F7A1CE}
		{C84B76B5-8F60-4F9C-8B69-4D6BD5176413} = {01D2EC50-FFA7-4518-B01D-6D945BE86011}
		{B2DA8E00-CDC9-43F4-B724-81A3A744DB08} = {01D2EC50-FFA7-4518-B01D-6D945BE86011}
		{FAA318E4-D011-4708-A757-56F0A40C940B} = {01D2EC50-FFA7-4518-B01D-6D945BE86011}
		{75897F5A-217B-49F4-A47F-5E095F119279} = {01D2EC50-FFA7-4518-B01D-6D945BE86011}
		{E7D7F2E1-F600-4E92-BA81-08613FD5B519} = {01D2EC50-FFA7-4518-B01D-6D945BE86011}
		{4CEFF503-50E1-4239-8C50-080724DE033C} = {01D2EC50-FFA7-4518-B01D-6D945BE86011}
		{887D4825-90D3-4FB1-B309-3BBA4FA605A2} = {01D2EC50-FFA7-4518-B01D-6D945BE86011}
		{D21543B8-7017-4FC4-9FED-842BF1BEEBDD} = {C8C9E02C-DA94-45AE-9781-9A0133764375}
		{20D15D11-1FF2-40AF-BDD1-98D54DE7A3FD} = {C8C9E02C-DA94-45AE-9781-9A0133764375}
		{D7458C56-B93C-4205-951B-66FB518E8C40} = {C8C9E02C-DA94-45AE-9781-9A0133764375}
		{046556C9-A749-455D-8733-D16FD31F4B87} = {C8C9E02C-DA94-45AE-9781-9A0133764375}
		{AC720A19-475F-45BF-BE16-01F54DB5E36A} = {C8C9E02C-DA94-45AE-9781-9A0133764375}
		{9FEB99AE-96D2-45E3-80C5-8B319C4E1396} = {C8C9E02C-DA94-45AE-9781-9A0133764375}
		{B29DF12E-AC05-4E13-8685-3E59B080615E} = {C8C9E02C-DA94-45AE-9781-9A0133764375}
		{FD56C622-9E21-4379-B7BE-084D7F0AFC1D} = {F3E30637-280A-42CA-9B20-A844E8A68DCA}
		{06CCCB98-BA9B-4025-B51E-5C8F3D09A63D} = {F3E30637-280A-42CA-9B20-A844E8A68DCA}
		{45DFAB9F-DCC7-466B-A82A-58FB8E5A12CA} = {F3E30637-280A-42CA-9B20-A844E8A68DCA}
		{DAAAD38D-D2FE-4BEE-8CFF-4ACE7D6EF4B2} = {F3E30637-280A-42CA-9B20-A844E8A68DCA}
		{BB5FDBA2-C1D0-41C2-B7FF-9AD61AE35F23} = {4280C928-78E0-4647-BEBD-6CBF666B5460}
		{26F231D4-3C87-4E1E-9371-FCBC512C8C40} = {DE352266-E1F9-4FA7-93A5-18471350CCAD}
		{4D77A717-C6F3-4F7A-9FB0-B9A7A74A0F3F} = {DE352266-E1F9-4FA7-93A5-18471350CCAD}
		{189AEDB3-0FA2-4925-B3B1-17359AB9879F} = {B88FD9E6-1502-445A-B8F8-9676A1C716EA}
		{EDADED63-B982-4757-95C4-5A966CF6F2A3} = {B88FD9E6-1502-445A-B8F8-9676A1C716EA}
		{7E8DA78B-104D-43D6-8E0C-2E1ECECB1F7A} = {B88FD9E6-1502-445A-B8F8-9676A1C716EA}
		{7BBA3A7D-23C7-4E4D-B1A7-FAAEDB525AB2} = {B88FD9E6-1502-445A-B8F8-9676A1C716EA}
		{9E3BD320-170C-472A-BF0B-1DCC7E23E22B} = {B88FD9E6-1502-445A-B8F8-9676A1C716EA}
		{4D5C593D-ED41-42E9-BC95-488340736470} = {B88FD9E6-1502-445A-B8F8-9676A1C716EA}
		{6E7BE770-7531-4129-ABF5-8A762F0267F1} = {B88FD9E6-1502-445A-B8F8-9676A1C716EA}
		{79F4AA53-18D0-467C-AA91-6C9022F22990} = {A303F5F7-818E-4A51-8AEE-37B713AF6E7D}
		{C4DA067F-DAB3-4AF8-A637-F96272D06330} = {79F4AA53-18D0-467C-AA91-6C9022F22990}
		{2172BF2F-C076-4DF2-B4CD-C310EC6C5A39} = {79F4AA53-18D0-467C-AA91-6C9022F22990}
		{19119058-B96A-464E-90EF-AD1046ED1E6E} = {79F4AA53-18D0-467C-AA91-6C9022F22990}
		{3F95AEB6-A7E5-4100-9EA1-841D381D7ACC} = {79F4AA53-18D0-467C-AA91-6C9022F22990}
		{67FFC0BD-AFDD-462E-A04F-334A34756DF6} = {79F4AA53-18D0-467C-AA91-6C9022F22990}
		{7164134E-C443-45A5-8DC4-A9A3D244E31F} = {79F4AA53-18D0-467C-AA91-6C9022F22990}
		{5FD335F8-5D8D-4671-A832-5555E2899E84} = {79F4AA53-18D0-467C-AA91-6C9022F22990}
		{93263B11-4BB2-4415-B985-3C1B48C10494} = {F3E30637-280A-42CA-9B20-A844E8A68DCA}
	EndGlobalSection
	GlobalSection(ExtensibilityGlobals) = postSolution
		SolutionGuid = {3322A1F8-4B34-4BD8-89E5-5D14FB922247}
	EndGlobalSection
EndGlobal
